
Microsoft Visual Studio Solution File, Format Version 12.00
# Visual Studio Version 16
VisualStudioVersion = 16.0.29609.76
MinimumVisualStudioVersion = 10.0.40219.1
Project("{9A19103F-16F7-4668-BE54-9A1E7A4F7556}") = "CakeSessionApplication", "CakeSessionApplication.csproj", "{A95A9F40-1352-41D6-86A4-93AE58C6F1B0}"
EndProject
Project("{9A19103F-16F7-4668-BE54-9A1E7A4F7556}") = "CakeSessionLibrary", "..\CakeSessionLibrary\CakeSessionLibrary.csproj", "{A4A3C8F1-C6B1-42B1-B10D-01361DF1B51C}"
EndProject
Project("{9A19103F-16F7-4668-BE54-9A1E7A4F7556}") = "CakeSessionApplication.Test", "..\CakeSessionApplication.Test\CakeSessionApplication.Test.csproj", "{7C6824BD-A296-4EF1-82EB-53617C41FC6D}"
EndProject
Project("{FAE04EC0-301F-11D3-BF4B-00C04F79EFBC}") = "CakeSessionLibrary.Test", "..\CakeSessionLibrary.Test\CakeSessionLibrary.Test.csproj", "{9A415565-2E57-4A37-B7BB-885795BFB2F9}"
EndProject
Global
	GlobalSection(SolutionConfigurationPlatforms) = preSolution
		Debug|Any CPU = Debug|Any CPU
		Release|Any CPU = Release|Any CPU
	EndGlobalSection
	GlobalSection(ProjectConfigurationPlatforms) = postSolution
		{A95A9F40-1352-41D6-86A4-93AE58C6F1B0}.Debug|Any CPU.ActiveCfg = Debug|Any CPU
		{A95A9F40-1352-41D6-86A4-93AE58C6F1B0}.Debug|Any CPU.Build.0 = Debug|Any CPU
		{A95A9F40-1352-41D6-86A4-93AE58C6F1B0}.Release|Any CPU.ActiveCfg = Release|Any CPU
		{A95A9F40-1352-41D6-86A4-93AE58C6F1B0}.Release|Any CPU.Build.0 = Release|Any CPU
		{A4A3C8F1-C6B1-42B1-B10D-01361DF1B51C}.Debug|Any CPU.ActiveCfg = Debug|Any CPU
		{A4A3C8F1-C6B1-42B1-B10D-01361DF1B51C}.Debug|Any CPU.Build.0 = Debug|Any CPU
		{A4A3C8F1-C6B1-42B1-B10D-01361DF1B51C}.Release|Any CPU.ActiveCfg = Release|Any CPU
		{A4A3C8F1-C6B1-42B1-B10D-01361DF1B51C}.Release|Any CPU.Build.0 = Release|Any CPU
		{7C6824BD-A296-4EF1-82EB-53617C41FC6D}.Debug|Any CPU.ActiveCfg = Debug|Any CPU
		{7C6824BD-A296-4EF1-82EB-53617C41FC6D}.Debug|Any CPU.Build.0 = Debug|Any CPU
		{7C6824BD-A296-4EF1-82EB-53617C41FC6D}.Release|Any CPU.ActiveCfg = Release|Any CPU
		{7C6824BD-A296-4EF1-82EB-53617C41FC6D}.Release|Any CPU.Build.0 = Release|Any CPU
		{9A415565-2E57-4A37-B7BB-885795BFB2F9}.Debug|Any CPU.ActiveCfg = Debug|Any CPU
		{9A415565-2E57-4A37-B7BB-885795BFB2F9}.Debug|Any CPU.Build.0 = Debug|Any CPU
		{9A415565-2E57-4A37-B7BB-885795BFB2F9}.Release|Any CPU.ActiveCfg = Release|Any CPU
		{9A415565-2E57-4A37-B7BB-885795BFB2F9}.Release|Any CPU.Build.0 = Release|Any CPU
	EndGlobalSection
	GlobalSection(SolutionProperties) = preSolution
		HideSolutionNode = FALSE
	EndGlobalSection
	GlobalSection(ExtensibilityGlobals) = postSolution
		SolutionGuid = {72E7813C-30E9-4225-8723-E24C9FE64E6D}
	EndGlobalSection
EndGlobal
